
Microsoft Visual Studio Solution File, Format Version 12.00
# Visual Studio 15
VisualStudioVersion = 15.0.26403.7
MinimumVisualStudioVersion = 10.0.40219.1
Project("{FAE04EC0-301F-11D3-BF4B-00C04F79EFBC}") = "HalloDelegates", "HalloDelegates\HalloDelegates.csproj", "{67796A8E-D93C-4F3A-A805-DFF557D5100C}"
EndProject
Project("{FAE04EC0-301F-11D3-BF4B-00C04F79EFBC}") = "DelegatesInPraxis", "DelegatesInPraxis\DelegatesInPraxis.csproj", "{7CDDBA32-3DE5-4EE3-8A52-3BB64D7C741D}"
EndProject
Project("{FAE04EC0-301F-11D3-BF4B-00C04F79EFBC}") = "HalloWPF", "HalloWPF\HalloWPF.csproj", "{FA571991-739C-41D2-886F-B891ED20D9D6}"
EndProject
Project("{FAE04EC0-301F-11D3-BF4B-00C04F79EFBC}") = "LayoutÜbung", "LayoutÜbung\LayoutÜbung.csproj", "{453D3723-66F8-446D-B4B9-4C5C3C705976}"
EndProject
Project("{FAE04EC0-301F-11D3-BF4B-00C04F79EFBC}") = "RoutedEvents", "RoutedEvents\RoutedEvents.csproj", "{B1A79007-19DE-4C26-91B5-652A54380758}"
EndProject
Project("{FAE04EC0-301F-11D3-BF4B-00C04F79EFBC}") = "Resources", "Resources\Resources.csproj", "{4810CC58-C0C1-4F9E-9298-E4D84C19CC69}"
EndProject
Global
	GlobalSection(SolutionConfigurationPlatforms) = preSolution
		Debug|Any CPU = Debug|Any CPU
		Release|Any CPU = Release|Any CPU
	EndGlobalSection
	GlobalSection(ProjectConfigurationPlatforms) = postSolution
		{67796A8E-D93C-4F3A-A805-DFF557D5100C}.Debug|Any CPU.ActiveCfg = Debug|Any CPU
		{67796A8E-D93C-4F3A-A805-DFF557D5100C}.Debug|Any CPU.Build.0 = Debug|Any CPU
		{67796A8E-D93C-4F3A-A805-DFF557D5100C}.Release|Any CPU.ActiveCfg = Release|Any CPU
		{67796A8E-D93C-4F3A-A805-DFF557D5100C}.Release|Any CPU.Build.0 = Release|Any CPU
		{7CDDBA32-3DE5-4EE3-8A52-3BB64D7C741D}.Debug|Any CPU.ActiveCfg = Debug|Any CPU
		{7CDDBA32-3DE5-4EE3-8A52-3BB64D7C741D}.Debug|Any CPU.Build.0 = Debug|Any CPU
		{7CDDBA32-3DE5-4EE3-8A52-3BB64D7C741D}.Release|Any CPU.ActiveCfg = Release|Any CPU
		{7CDDBA32-3DE5-4EE3-8A52-3BB64D7C741D}.Release|Any CPU.Build.0 = Release|Any CPU
		{FA571991-739C-41D2-886F-B891ED20D9D6}.Debug|Any CPU.ActiveCfg = Debug|Any CPU
		{FA571991-739C-41D2-886F-B891ED20D9D6}.Debug|Any CPU.Build.0 = Debug|Any CPU
		{FA571991-739C-41D2-886F-B891ED20D9D6}.Release|Any CPU.ActiveCfg = Release|Any CPU
		{FA571991-739C-41D2-886F-B891ED20D9D6}.Release|Any CPU.Build.0 = Release|Any CPU
		{453D3723-66F8-446D-B4B9-4C5C3C705976}.Debug|Any CPU.ActiveCfg = Debug|Any CPU
		{453D3723-66F8-446D-B4B9-4C5C3C705976}.Debug|Any CPU.Build.0 = Debug|Any CPU
		{453D3723-66F8-446D-B4B9-4C5C3C705976}.Release|Any CPU.ActiveCfg = Release|Any CPU
		{453D3723-66F8-446D-B4B9-4C5C3C705976}.Release|Any CPU.Build.0 = Release|Any CPU
		{B1A79007-19DE-4C26-91B5-652A54380758}.Debug|Any CPU.ActiveCfg = Debug|Any CPU
		{B1A79007-19DE-4C26-91B5-652A54380758}.Debug|Any CPU.Build.0 = Debug|Any CPU
		{B1A79007-19DE-4C26-91B5-652A54380758}.Release|Any CPU.ActiveCfg = Release|Any CPU
		{B1A79007-19DE-4C26-91B5-652A54380758}.Release|Any CPU.Build.0 = Release|Any CPU
		{4810CC58-C0C1-4F9E-9298-E4D84C19CC69}.Debug|Any CPU.ActiveCfg = Debug|Any CPU
		{4810CC58-C0C1-4F9E-9298-E4D84C19CC69}.Debug|Any CPU.Build.0 = Debug|Any CPU
		{4810CC58-C0C1-4F9E-9298-E4D84C19CC69}.Release|Any CPU.ActiveCfg = Release|Any CPU
		{4810CC58-C0C1-4F9E-9298-E4D84C19CC69}.Release|Any CPU.Build.0 = Release|Any CPU
	EndGlobalSection
	GlobalSection(SolutionProperties) = preSolution
		HideSolutionNode = FALSE
	EndGlobalSection
EndGlobal
