
Microsoft Visual Studio Solution File, Format Version 12.00
# Visual Studio 15
VisualStudioVersion = 15.0.26403.7
MinimumVisualStudioVersion = 10.0.40219.1
Project("{FAE04EC0-301F-11D3-BF4B-00C04F79EFBC}") = "HalloDelegates", "HalloDelegates\HalloDelegates.csproj", "{67796A8E-D93C-4F3A-A805-DFF557D5100C}"
EndProject
Project("{FAE04EC0-301F-11D3-BF4B-00C04F79EFBC}") = "DelegatesInPraxis", "DelegatesInPraxis\DelegatesInPraxis.csproj", "{7CDDBA32-3DE5-4EE3-8A52-3BB64D7C741D}"
EndProject
Project("{FAE04EC0-301F-11D3-BF4B-00C04F79EFBC}") = "HalloWPF", "HalloWPF\HalloWPF.csproj", "{FA571991-739C-41D2-886F-B891ED20D9D6}"
EndProject
Project("{FAE04EC0-301F-11D3-BF4B-00C04F79EFBC}") = "LayoutÜbung", "LayoutÜbung\LayoutÜbung.csproj", "{453D3723-66F8-446D-B4B9-4C5C3C705976}"
EndProject
Project("{FAE04EC0-301F-11D3-BF4B-00C04F79EFBC}") = "RoutedEvents", "RoutedEvents\RoutedEvents.csproj", "{B1A79007-19DE-4C26-91B5-652A54380758}"
EndProject
Project("{FAE04EC0-301F-11D3-BF4B-00C04F79EFBC}") = "Resources", "Resources\Resources.csproj", "{4810CC58-C0C1-4F9E-9298-E4D84C19CC69}"
EndProject
Project("{FAE04EC0-301F-11D3-BF4B-00C04F79EFBC}") = "Styles", "Styles\Styles.csproj", "{85ABEB55-3C8F-47D0-A78E-5F31EE544790}"
EndProject
Project("{FAE04EC0-301F-11D3-BF4B-00C04F79EFBC}") = "ControlTemplates", "ControlTemplates\ControlTemplates.csproj", "{88B6AD0B-E71D-4C89-876E-9728B6415F0F}"
EndProject
Project("{FAE04EC0-301F-11D3-BF4B-00C04F79EFBC}") = "Binding", "Binding\Binding.csproj", "{48C2A806-C801-45BC-A417-854E8E33B50C}"
EndProject
Project("{FAE04EC0-301F-11D3-BF4B-00C04F79EFBC}") = "RelativeSourceSelf", "RelativeSourceSelf\RelativeSourceSelf.csproj", "{F7ABE832-2B98-4FEB-A74D-14709CBEEBD4}"
EndProject
Project("{FAE04EC0-301F-11D3-BF4B-00C04F79EFBC}") = "RelativeSourceTemplatedParent", "RelativeSourceTemplatedParent\RelativeSourceTemplatedParent.csproj", "{45D67ABC-CED1-4B5E-A0AF-65101DA90276}"
EndProject
Project("{FAE04EC0-301F-11D3-BF4B-00C04F79EFBC}") = "RelativeSourceFindAncestor", "RelativeSourceFindAncestor\RelativeSourceFindAncestor.csproj", "{3B019840-6DD6-4449-9F1A-22BB575214D2}"
EndProject
Project("{FAE04EC0-301F-11D3-BF4B-00C04F79EFBC}") = "RelativeSourcePreviousData", "RelativeSourcePreviousData\RelativeSourcePreviousData.csproj", "{40EB30CF-A980-4DC0-9B2A-7751EE790112}"
EndProject
Project("{FAE04EC0-301F-11D3-BF4B-00C04F79EFBC}") = "ConvertersExample", "ConvertersExample\ConvertersExample.csproj", "{2BD8D3F4-1F1D-490F-8777-E70DB0DDA700}"
EndProject
Project("{FAE04EC0-301F-11D3-BF4B-00C04F79EFBC}") = "MultiConverters", "MultiConverters\MultiConverters.csproj", "{51A07085-1A34-4DEE-AD3B-FAD3676B2D1A}"
EndProject
Project("{FAE04EC0-301F-11D3-BF4B-00C04F79EFBC}") = "PropertyTrigger", "PropertyTrigger\PropertyTrigger.csproj", "{CDB8C64C-4393-4AD0-9D95-574597C39C67}"
EndProject
Project("{FAE04EC0-301F-11D3-BF4B-00C04F79EFBC}") = "DataTrigger", "DataTrigger\DataTrigger.csproj", "{B3E1CE61-7815-43A9-9EA1-FC7C5B18B2E4}"
EndProject
Project("{FAE04EC0-301F-11D3-BF4B-00C04F79EFBC}") = "EventTriggers", "EventTriggers\EventTriggers.csproj", "{AC1EEEAC-38C3-47B7-BE0B-039D4C07481C}"
EndProject
Project("{FAE04EC0-301F-11D3-BF4B-00C04F79EFBC}") = "EventTriggerToFrameworkElement", "EventTriggerToFrameworkElement\EventTriggerToFrameworkElement.csproj", "{997B9EF8-5241-42CF-88CA-F32CFCAB53CA}"
EndProject
Project("{FAE04EC0-301F-11D3-BF4B-00C04F79EFBC}") = "Validation", "Validation\Validation.csproj", "{31CFAFF1-7FA0-4642-9645-BC2A99EDC483}"
EndProject
Project("{FAE04EC0-301F-11D3-BF4B-00C04F79EFBC}") = "DependencyProperties", "DependencyProperties\DependencyProperties.csproj", "{BDE4301E-D8B3-4ED3-AEC9-F269225DC5E0}"
EndProject
Project("{FAE04EC0-301F-11D3-BF4B-00C04F79EFBC}") = "HalloMVVM", "HalloMVVM\HalloMVVM.csproj", "{43E170F8-D64F-464B-B924-293F48B91386}"
EndProject
Global
	GlobalSection(SolutionConfigurationPlatforms) = preSolution
		Debug|Any CPU = Debug|Any CPU
		Release|Any CPU = Release|Any CPU
	EndGlobalSection
	GlobalSection(ProjectConfigurationPlatforms) = postSolution
		{67796A8E-D93C-4F3A-A805-DFF557D5100C}.Debug|Any CPU.ActiveCfg = Debug|Any CPU
		{67796A8E-D93C-4F3A-A805-DFF557D5100C}.Debug|Any CPU.Build.0 = Debug|Any CPU
		{67796A8E-D93C-4F3A-A805-DFF557D5100C}.Release|Any CPU.ActiveCfg = Release|Any CPU
		{67796A8E-D93C-4F3A-A805-DFF557D5100C}.Release|Any CPU.Build.0 = Release|Any CPU
		{7CDDBA32-3DE5-4EE3-8A52-3BB64D7C741D}.Debug|Any CPU.ActiveCfg = Debug|Any CPU
		{7CDDBA32-3DE5-4EE3-8A52-3BB64D7C741D}.Debug|Any CPU.Build.0 = Debug|Any CPU
		{7CDDBA32-3DE5-4EE3-8A52-3BB64D7C741D}.Release|Any CPU.ActiveCfg = Release|Any CPU
		{7CDDBA32-3DE5-4EE3-8A52-3BB64D7C741D}.Release|Any CPU.Build.0 = Release|Any CPU
		{FA571991-739C-41D2-886F-B891ED20D9D6}.Debug|Any CPU.ActiveCfg = Debug|Any CPU
		{FA571991-739C-41D2-886F-B891ED20D9D6}.Debug|Any CPU.Build.0 = Debug|Any CPU
		{FA571991-739C-41D2-886F-B891ED20D9D6}.Release|Any CPU.ActiveCfg = Release|Any CPU
		{FA571991-739C-41D2-886F-B891ED20D9D6}.Release|Any CPU.Build.0 = Release|Any CPU
		{453D3723-66F8-446D-B4B9-4C5C3C705976}.Debug|Any CPU.ActiveCfg = Debug|Any CPU
		{453D3723-66F8-446D-B4B9-4C5C3C705976}.Debug|Any CPU.Build.0 = Debug|Any CPU
		{453D3723-66F8-446D-B4B9-4C5C3C705976}.Release|Any CPU.ActiveCfg = Release|Any CPU
		{453D3723-66F8-446D-B4B9-4C5C3C705976}.Release|Any CPU.Build.0 = Release|Any CPU
		{B1A79007-19DE-4C26-91B5-652A54380758}.Debug|Any CPU.ActiveCfg = Debug|Any CPU
		{B1A79007-19DE-4C26-91B5-652A54380758}.Debug|Any CPU.Build.0 = Debug|Any CPU
		{B1A79007-19DE-4C26-91B5-652A54380758}.Release|Any CPU.ActiveCfg = Release|Any CPU
		{B1A79007-19DE-4C26-91B5-652A54380758}.Release|Any CPU.Build.0 = Release|Any CPU
		{4810CC58-C0C1-4F9E-9298-E4D84C19CC69}.Debug|Any CPU.ActiveCfg = Debug|Any CPU
		{4810CC58-C0C1-4F9E-9298-E4D84C19CC69}.Debug|Any CPU.Build.0 = Debug|Any CPU
		{4810CC58-C0C1-4F9E-9298-E4D84C19CC69}.Release|Any CPU.ActiveCfg = Release|Any CPU
		{4810CC58-C0C1-4F9E-9298-E4D84C19CC69}.Release|Any CPU.Build.0 = Release|Any CPU
		{85ABEB55-3C8F-47D0-A78E-5F31EE544790}.Debug|Any CPU.ActiveCfg = Debug|Any CPU
		{85ABEB55-3C8F-47D0-A78E-5F31EE544790}.Debug|Any CPU.Build.0 = Debug|Any CPU
		{85ABEB55-3C8F-47D0-A78E-5F31EE544790}.Release|Any CPU.ActiveCfg = Release|Any CPU
		{85ABEB55-3C8F-47D0-A78E-5F31EE544790}.Release|Any CPU.Build.0 = Release|Any CPU
		{88B6AD0B-E71D-4C89-876E-9728B6415F0F}.Debug|Any CPU.ActiveCfg = Debug|Any CPU
		{88B6AD0B-E71D-4C89-876E-9728B6415F0F}.Debug|Any CPU.Build.0 = Debug|Any CPU
		{88B6AD0B-E71D-4C89-876E-9728B6415F0F}.Release|Any CPU.ActiveCfg = Release|Any CPU
		{88B6AD0B-E71D-4C89-876E-9728B6415F0F}.Release|Any CPU.Build.0 = Release|Any CPU
		{48C2A806-C801-45BC-A417-854E8E33B50C}.Debug|Any CPU.ActiveCfg = Debug|Any CPU
		{48C2A806-C801-45BC-A417-854E8E33B50C}.Debug|Any CPU.Build.0 = Debug|Any CPU
		{48C2A806-C801-45BC-A417-854E8E33B50C}.Release|Any CPU.ActiveCfg = Release|Any CPU
		{48C2A806-C801-45BC-A417-854E8E33B50C}.Release|Any CPU.Build.0 = Release|Any CPU
		{F7ABE832-2B98-4FEB-A74D-14709CBEEBD4}.Debug|Any CPU.ActiveCfg = Debug|Any CPU
		{F7ABE832-2B98-4FEB-A74D-14709CBEEBD4}.Debug|Any CPU.Build.0 = Debug|Any CPU
		{F7ABE832-2B98-4FEB-A74D-14709CBEEBD4}.Release|Any CPU.ActiveCfg = Release|Any CPU
		{F7ABE832-2B98-4FEB-A74D-14709CBEEBD4}.Release|Any CPU.Build.0 = Release|Any CPU
		{45D67ABC-CED1-4B5E-A0AF-65101DA90276}.Debug|Any CPU.ActiveCfg = Debug|Any CPU
		{45D67ABC-CED1-4B5E-A0AF-65101DA90276}.Debug|Any CPU.Build.0 = Debug|Any CPU
		{45D67ABC-CED1-4B5E-A0AF-65101DA90276}.Release|Any CPU.ActiveCfg = Release|Any CPU
		{45D67ABC-CED1-4B5E-A0AF-65101DA90276}.Release|Any CPU.Build.0 = Release|Any CPU
		{3B019840-6DD6-4449-9F1A-22BB575214D2}.Debug|Any CPU.ActiveCfg = Debug|Any CPU
		{3B019840-6DD6-4449-9F1A-22BB575214D2}.Debug|Any CPU.Build.0 = Debug|Any CPU
		{3B019840-6DD6-4449-9F1A-22BB575214D2}.Release|Any CPU.ActiveCfg = Release|Any CPU
		{3B019840-6DD6-4449-9F1A-22BB575214D2}.Release|Any CPU.Build.0 = Release|Any CPU
		{40EB30CF-A980-4DC0-9B2A-7751EE790112}.Debug|Any CPU.ActiveCfg = Debug|Any CPU
		{40EB30CF-A980-4DC0-9B2A-7751EE790112}.Debug|Any CPU.Build.0 = Debug|Any CPU
		{40EB30CF-A980-4DC0-9B2A-7751EE790112}.Release|Any CPU.ActiveCfg = Release|Any CPU
		{40EB30CF-A980-4DC0-9B2A-7751EE790112}.Release|Any CPU.Build.0 = Release|Any CPU
		{2BD8D3F4-1F1D-490F-8777-E70DB0DDA700}.Debug|Any CPU.ActiveCfg = Debug|Any CPU
		{2BD8D3F4-1F1D-490F-8777-E70DB0DDA700}.Debug|Any CPU.Build.0 = Debug|Any CPU
		{2BD8D3F4-1F1D-490F-8777-E70DB0DDA700}.Release|Any CPU.ActiveCfg = Release|Any CPU
		{2BD8D3F4-1F1D-490F-8777-E70DB0DDA700}.Release|Any CPU.Build.0 = Release|Any CPU
		{51A07085-1A34-4DEE-AD3B-FAD3676B2D1A}.Debug|Any CPU.ActiveCfg = Debug|Any CPU
		{51A07085-1A34-4DEE-AD3B-FAD3676B2D1A}.Debug|Any CPU.Build.0 = Debug|Any CPU
		{51A07085-1A34-4DEE-AD3B-FAD3676B2D1A}.Release|Any CPU.ActiveCfg = Release|Any CPU
		{51A07085-1A34-4DEE-AD3B-FAD3676B2D1A}.Release|Any CPU.Build.0 = Release|Any CPU
		{CDB8C64C-4393-4AD0-9D95-574597C39C67}.Debug|Any CPU.ActiveCfg = Debug|Any CPU
		{CDB8C64C-4393-4AD0-9D95-574597C39C67}.Debug|Any CPU.Build.0 = Debug|Any CPU
		{CDB8C64C-4393-4AD0-9D95-574597C39C67}.Release|Any CPU.ActiveCfg = Release|Any CPU
		{CDB8C64C-4393-4AD0-9D95-574597C39C67}.Release|Any CPU.Build.0 = Release|Any CPU
		{B3E1CE61-7815-43A9-9EA1-FC7C5B18B2E4}.Debug|Any CPU.ActiveCfg = Debug|Any CPU
		{B3E1CE61-7815-43A9-9EA1-FC7C5B18B2E4}.Debug|Any CPU.Build.0 = Debug|Any CPU
		{B3E1CE61-7815-43A9-9EA1-FC7C5B18B2E4}.Release|Any CPU.ActiveCfg = Release|Any CPU
		{B3E1CE61-7815-43A9-9EA1-FC7C5B18B2E4}.Release|Any CPU.Build.0 = Release|Any CPU
		{AC1EEEAC-38C3-47B7-BE0B-039D4C07481C}.Debug|Any CPU.ActiveCfg = Debug|Any CPU
		{AC1EEEAC-38C3-47B7-BE0B-039D4C07481C}.Debug|Any CPU.Build.0 = Debug|Any CPU
		{AC1EEEAC-38C3-47B7-BE0B-039D4C07481C}.Release|Any CPU.ActiveCfg = Release|Any CPU
		{AC1EEEAC-38C3-47B7-BE0B-039D4C07481C}.Release|Any CPU.Build.0 = Release|Any CPU
		{997B9EF8-5241-42CF-88CA-F32CFCAB53CA}.Debug|Any CPU.ActiveCfg = Debug|Any CPU
		{997B9EF8-5241-42CF-88CA-F32CFCAB53CA}.Debug|Any CPU.Build.0 = Debug|Any CPU
		{997B9EF8-5241-42CF-88CA-F32CFCAB53CA}.Release|Any CPU.ActiveCfg = Release|Any CPU
		{997B9EF8-5241-42CF-88CA-F32CFCAB53CA}.Release|Any CPU.Build.0 = Release|Any CPU
		{31CFAFF1-7FA0-4642-9645-BC2A99EDC483}.Debug|Any CPU.ActiveCfg = Debug|Any CPU
		{31CFAFF1-7FA0-4642-9645-BC2A99EDC483}.Debug|Any CPU.Build.0 = Debug|Any CPU
		{31CFAFF1-7FA0-4642-9645-BC2A99EDC483}.Release|Any CPU.ActiveCfg = Release|Any CPU
		{31CFAFF1-7FA0-4642-9645-BC2A99EDC483}.Release|Any CPU.Build.0 = Release|Any CPU
		{BDE4301E-D8B3-4ED3-AEC9-F269225DC5E0}.Debug|Any CPU.ActiveCfg = Debug|Any CPU
		{BDE4301E-D8B3-4ED3-AEC9-F269225DC5E0}.Debug|Any CPU.Build.0 = Debug|Any CPU
		{BDE4301E-D8B3-4ED3-AEC9-F269225DC5E0}.Release|Any CPU.ActiveCfg = Release|Any CPU
		{BDE4301E-D8B3-4ED3-AEC9-F269225DC5E0}.Release|Any CPU.Build.0 = Release|Any CPU
		{43E170F8-D64F-464B-B924-293F48B91386}.Debug|Any CPU.ActiveCfg = Debug|Any CPU
		{43E170F8-D64F-464B-B924-293F48B91386}.Debug|Any CPU.Build.0 = Debug|Any CPU
		{43E170F8-D64F-464B-B924-293F48B91386}.Release|Any CPU.ActiveCfg = Release|Any CPU
		{43E170F8-D64F-464B-B924-293F48B91386}.Release|Any CPU.Build.0 = Release|Any CPU
	EndGlobalSection
	GlobalSection(SolutionProperties) = preSolution
		HideSolutionNode = FALSE
	EndGlobalSection
EndGlobal
